
Microsoft Visual Studio Solution File, Format Version 12.00
# Visual Studio Version 17
VisualStudioVersion = 17.0.31903.59
MinimumVisualStudioVersion = 10.0.40219.1
Project("{2150E333-8FDC-42A3-9474-1A3956D46DE8}") = "src", "src", "{E0116694-B844-4466-974E-F7120ADF444C}"
EndProject
Project("{FAE04EC0-301F-11D3-BF4B-00C04F79EFBC}") = "API", "src\API\API.csproj", "{9417BE01-7906-48E8-82C3-47D961D8F1FB}"
EndProject
Project("{FAE04EC0-301F-11D3-BF4B-00C04F79EFBC}") = "AppHost", "src\AppHost\AppHost.csproj", "{EF515CC6-7A69-4B76-9FCF-235D90EA2385}"
EndProject
Project("{FAE04EC0-301F-11D3-BF4B-00C04F79EFBC}") = "ServiceDefaults", "src\ServiceDefaults\ServiceDefaults.csproj", "{7B33AA6C-64CB-450E-BE75-5D2E74C28C86}"
EndProject
Project("{FAE04EC0-301F-11D3-BF4B-00C04F79EFBC}") = "Console", "src\Console\Console.csproj", "{C8601E85-9A59-4798-A81C-E6C81F0F9199}"
EndProject
Global
	GlobalSection(SolutionConfigurationPlatforms) = preSolution
		Debug|Any CPU = Debug|Any CPU
		Release|Any CPU = Release|Any CPU
	EndGlobalSection
	GlobalSection(ProjectConfigurationPlatforms) = postSolution
		{9417BE01-7906-48E8-82C3-47D961D8F1FB}.Debug|Any CPU.ActiveCfg = Debug|Any CPU
		{9417BE01-7906-48E8-82C3-47D961D8F1FB}.Debug|Any CPU.Build.0 = Debug|Any CPU
		{9417BE01-7906-48E8-82C3-47D961D8F1FB}.Release|Any CPU.ActiveCfg = Release|Any CPU
		{9417BE01-7906-48E8-82C3-47D961D8F1FB}.Release|Any CPU.Build.0 = Release|Any CPU
		{EF515CC6-7A69-4B76-9FCF-235D90EA2385}.Debug|Any CPU.ActiveCfg = Debug|Any CPU
		{EF515CC6-7A69-4B76-9FCF-235D90EA2385}.Debug|Any CPU.Build.0 = Debug|Any CPU
		{EF515CC6-7A69-4B76-9FCF-235D90EA2385}.Release|Any CPU.ActiveCfg = Release|Any CPU
		{EF515CC6-7A69-4B76-9FCF-235D90EA2385}.Release|Any CPU.Build.0 = Release|Any CPU
		{7B33AA6C-64CB-450E-BE75-5D2E74C28C86}.Debug|Any CPU.ActiveCfg = Debug|Any CPU
		{7B33AA6C-64CB-450E-BE75-5D2E74C28C86}.Debug|Any CPU.Build.0 = Debug|Any CPU
		{7B33AA6C-64CB-450E-BE75-5D2E74C28C86}.Release|Any CPU.ActiveCfg = Release|Any CPU
		{7B33AA6C-64CB-450E-BE75-5D2E74C28C86}.Release|Any CPU.Build.0 = Release|Any CPU
		{C8601E85-9A59-4798-A81C-E6C81F0F9199}.Debug|Any CPU.ActiveCfg = Debug|Any CPU
		{C8601E85-9A59-4798-A81C-E6C81F0F9199}.Debug|Any CPU.Build.0 = Debug|Any CPU
		{C8601E85-9A59-4798-A81C-E6C81F0F9199}.Release|Any CPU.ActiveCfg = Release|Any CPU
		{C8601E85-9A59-4798-A81C-E6C81F0F9199}.Release|Any CPU.Build.0 = Release|Any CPU
	EndGlobalSection
	GlobalSection(SolutionProperties) = preSolution
		HideSolutionNode = FALSE
	EndGlobalSection
	GlobalSection(NestedProjects) = preSolution
		{9417BE01-7906-48E8-82C3-47D961D8F1FB} = {E0116694-B844-4466-974E-F7120ADF444C}
		{EF515CC6-7A69-4B76-9FCF-235D90EA2385} = {E0116694-B844-4466-974E-F7120ADF444C}
		{7B33AA6C-64CB-450E-BE75-5D2E74C28C86} = {E0116694-B844-4466-974E-F7120ADF444C}
		{C8601E85-9A59-4798-A81C-E6C81F0F9199} = {E0116694-B844-4466-974E-F7120ADF444C}
	EndGlobalSection
EndGlobal
